#MicroXplorer Configuration settings - do not modify
ADC1.Channel-0\#ChannelRegularConversion=ADC_CHANNEL_6
ADC1.ClockPrescaler=ADC_CLOCK_SYNC_PCLK_DIV4
ADC1.ContinuousConvMode=DISABLE
ADC1.DMAContinuousRequests=DISABLE
ADC1.DataAlign=ADC_DATAALIGN_RIGHT
ADC1.DiscontinuousConvMode=DISABLE
ADC1.EOCSelection=ADC_EOC_SINGLE_CONV
ADC1.EnableAnalogWatchDog=false
ADC1.ExternalTrigConv=ADC_EXTERNALTRIGCONV_T2_TRGO
ADC1.ExternalTrigConvEdge=ADC_EXTERNALTRIGCONVEDGE_RISING
ADC1.IPParameters=Rank-0\#ChannelRegularConversion,Channel-0\#ChannelRegularConversion,SamplingTime-0\#ChannelRegularConversion,NbrOfConversionFlag,master,ExternalTrigConv,ClockPrescaler,Resolution,DataAlign,ScanConvMode,ContinuousConvMode,DiscontinuousConvMode,DMAContinuousRequests,EOCSelection,NbrOfConversion,ExternalTrigConvEdge,InjNumberOfConversion,EnableAnalogWatchDog
ADC1.InjNumberOfConversion=0
ADC1.NbrOfConversion=1
ADC1.NbrOfConversionFlag=1
ADC1.Rank-0\#ChannelRegularConversion=1
ADC1.Resolution=ADC_RESOLUTION_12B
ADC1.SamplingTime-0\#ChannelRegularConversion=ADC_SAMPLETIME_3CYCLES
ADC1.ScanConvMode=DISABLE
ADC1.master=1
CAD.formats=[]
CAD.pinconfig=Dual
CAD.provider=
DAC.DAC_OutputBuffer2=DAC_OUTPUTBUFFER_ENABLE
DAC.DAC_Trigger2=DAC_TRIGGER_T5_TRGO
DAC.IPParameters=DAC_Trigger2,DAC_OutputBuffer2
Dma.DAC2.0.Direction=DMA_MEMORY_TO_PERIPH
Dma.DAC2.0.FIFOMode=DMA_FIFOMODE_ENABLE
Dma.DAC2.0.FIFOThreshold=DMA_FIFO_THRESHOLD_FULL
Dma.DAC2.0.Instance=DMA1_Stream6
Dma.DAC2.0.MemBurst=DMA_MBURST_SINGLE
Dma.DAC2.0.MemDataAlignment=DMA_MDATAALIGN_HALFWORD
Dma.DAC2.0.MemInc=DMA_MINC_ENABLE
Dma.DAC2.0.Mode=DMA_CIRCULAR
Dma.DAC2.0.PeriphBurst=DMA_PBURST_SINGLE
Dma.DAC2.0.PeriphDataAlignment=DMA_PDATAALIGN_HALFWORD
Dma.DAC2.0.PeriphInc=DMA_PINC_DISABLE
Dma.DAC2.0.Priority=DMA_PRIORITY_LOW
Dma.DAC2.0.RequestParameters=Instance,Direction,PeriphInc,MemInc,PeriphDataAlignment,MemDataAlignment,Mode,Priority,FIFOMode,FIFOThreshold,MemBurst,PeriphBurst
Dma.Request0=DAC2
Dma.RequestsNb=1
File.Version=6
GPIO.groupedBy=Group By Peripherals
KeepUserPlacement=false
Mcu.CPN=STM32F429IIT6
Mcu.Family=STM32F4
Mcu.IP0=ADC1
Mcu.IP1=CRC
Mcu.IP2=DAC
Mcu.IP3=DMA
Mcu.IP4=NVIC
Mcu.IP5=RCC
Mcu.IP6=SPI5
Mcu.IP7=SYS
Mcu.IP8=TIM2
Mcu.IP9=TIM5
Mcu.IPNb=10
Mcu.Name=STM32F429IITx
Mcu.Package=LQFP176
Mcu.Pin0=PE2
Mcu.Pin1=PE3
Mcu.Pin10=PI10
Mcu.Pin11=PI11
Mcu.Pin12=PF6
Mcu.Pin13=PF7
Mcu.Pin14=PF8
Mcu.Pin15=PF9
Mcu.Pin16=PH0/OSC_IN
Mcu.Pin17=PH1/OSC_OUT
Mcu.Pin18=PA0/WKUP
Mcu.Pin19=PA1
Mcu.Pin2=PE4
Mcu.Pin20=PA4
Mcu.Pin21=PA5
Mcu.Pin22=PA6
Mcu.Pin23=PB10
Mcu.Pin24=PB11
Mcu.Pin25=PH6
Mcu.Pin26=PH7
Mcu.Pin27=PH10
Mcu.Pin28=PB14
Mcu.Pin29=PB15
Mcu.Pin3=PE5
Mcu.Pin30=PD11
Mcu.Pin31=PD12
Mcu.Pin32=PD13
Mcu.Pin33=PA13
Mcu.Pin34=PA14
Mcu.Pin35=PD4
Mcu.Pin36=PD5
Mcu.Pin37=PD6
Mcu.Pin38=PD7
Mcu.Pin39=PG9
Mcu.Pin4=PE6
Mcu.Pin40=PB5
Mcu.Pin41=VP_CRC_VS_CRC
Mcu.Pin42=VP_SYS_VS_tim3
Mcu.Pin43=VP_TIM2_VS_ClockSourceINT
Mcu.Pin44=VP_TIM2_VS_no_output1
Mcu.Pin45=VP_TIM5_VS_ClockSourceINT
Mcu.Pin5=PI8
Mcu.Pin6=PC13
Mcu.Pin7=PC14/OSC32_IN
Mcu.Pin8=PC15/OSC32_OUT
Mcu.Pin9=PI9
Mcu.PinsNb=46
Mcu.ThirdParty0=STMicroelectronics.X-CUBE-AZRTOS-F4.1.0.0
Mcu.ThirdPartyNb=1
Mcu.UserConstants=
Mcu.UserName=STM32F429IITx
MxCube.Version=6.13.0
MxDb.Version=DB.6.0.130
NVIC.ADC_IRQn=true\:7\:0\:true\:false\:true\:true\:true\:true
NVIC.BusFault_IRQn=true\:0\:0\:false\:false\:true\:true\:false\:false
NVIC.DMA1_Stream6_IRQn=true\:0\:0\:false\:false\:true\:true\:true\:true
NVIC.DebugMonitor_IRQn=true\:0\:0\:false\:false\:true\:true\:false\:false
NVIC.EXTI0_IRQn=true\:8\:0\:true\:false\:true\:true\:true\:true
NVIC.EXTI15_10_IRQn=true\:8\:0\:true\:false\:true\:true\:true\:true
NVIC.EXTI9_5_IRQn=true\:8\:0\:true\:false\:true\:true\:true\:true
NVIC.ForceEnableDMAVector=true
NVIC.HardFault_IRQn=true\:0\:0\:false\:false\:true\:true\:false\:false
NVIC.MemoryManagement_IRQn=true\:0\:0\:false\:false\:true\:true\:false\:false
NVIC.NonMaskableInt_IRQn=true\:0\:0\:false\:false\:true\:true\:false\:false
NVIC.PendSV_IRQn=true\:0\:0\:false\:false\:true\:true\:false\:false
NVIC.PriorityGroup=NVIC_PRIORITYGROUP_4
NVIC.SVCall_IRQn=true\:0\:0\:false\:false\:true\:true\:false\:false
NVIC.SysTick_IRQn=true\:0\:0\:false\:false\:true\:true\:true\:false
NVIC.TIM3_IRQn=true\:15\:0\:false\:false\:true\:true\:true\:true
NVIC.TIM6_DAC_IRQn=true\:9\:0\:true\:false\:true\:true\:true\:true
NVIC.TimeBase=TIM3_IRQn
NVIC.TimeBaseIP=TIM3
NVIC.UsageFault_IRQn=true\:0\:0\:false\:false\:true\:true\:false\:false
PA0/WKUP.GPIOParameters=GPIO_PuPd,GPIO_Label,GPIO_ModeDefaultEXTI
PA0/WKUP.GPIO_Label=BUT1
PA0/WKUP.GPIO_ModeDefaultEXTI=GPIO_MODE_IT_RISING_FALLING
PA0/WKUP.GPIO_PuPd=GPIO_NOPULL
PA0/WKUP.Locked=true
PA0/WKUP.Signal=GPXTI0
PA1.GPIOParameters=GPIO_Speed,GPIO_Label
PA1.GPIO_Label=SYNC
PA1.GPIO_Speed=GPIO_SPEED_FREQ_VERY_HIGH
PA1.Locked=true
PA1.Signal=GPIO_Output
PA13.Mode=Trace_Synchro_4bits_SW
PA13.Signal=SYS_JTMS-SWDIO
PA14.Mode=Trace_Synchro_4bits_SW
PA14.Signal=SYS_JTCK-SWCLK
PA4.GPIOParameters=GPIO_Speed,PinState,GPIO_PuPd,GPIO_Label,GPIO_ModeDefaultOutputPP
PA4.GPIO_Label=LED1
PA4.GPIO_ModeDefaultOutputPP=GPIO_MODE_OUTPUT_PP
PA4.GPIO_PuPd=GPIO_NOPULL
PA4.GPIO_Speed=GPIO_SPEED_FREQ_VERY_HIGH
PA4.Locked=true
PA4.PinState=GPIO_PIN_SET
PA4.Signal=GPIO_Output
PA5.GPIOParameters=GPIO_Label
PA5.GPIO_Label=SPEAKER
PA5.Locked=true
PA5.Signal=COMP_DAC2_group
PA6.GPIOParameters=GPIO_Label
PA6.GPIO_Label=TRIMMER
PA6.Locked=true
PA6.Signal=ADCx_IN6
PB10.Locked=true
PB10.Signal=USB_OTG_HS_ULPI_D3
PB11.Locked=true
PB11.Signal=USB_OTG_HS_ULPI_D4
PB14.GPIOParameters=GPIO_Label
PB14.GPIO_Label=OTG_HS_DM
PB14.Locked=true
PB14.Signal=USB_OTG_HS_DM
PB15.GPIOParameters=GPIO_Label
PB15.GPIO_Label=OTG_HS_DP
PB15.Locked=true
PB15.Signal=USB_OTG_HS_DP
PB5.GPIOParameters=PinState,GPIO_Label
PB5.GPIO_Label=OTG_HS_VBUSON
PB5.Locked=true
PB5.PinState=GPIO_PIN_SET
PB5.Signal=GPIO_Output
PC13.GPIOParameters=GPIO_PuPd,GPIO_Label,GPIO_ModeDefaultEXTI
PC13.GPIO_Label=BUT2
PC13.GPIO_ModeDefaultEXTI=GPIO_MODE_IT_RISING_FALLING
PC13.GPIO_PuPd=GPIO_NOPULL
PC13.Locked=true
PC13.Signal=GPXTI13
PC14/OSC32_IN.Mode=LSE-External-Oscillator
PC14/OSC32_IN.Signal=RCC_OSC32_IN
PC15/OSC32_OUT.Mode=LSE-External-Oscillator
PC15/OSC32_OUT.Signal=RCC_OSC32_OUT
PD11.GPIOParameters=GPIO_Speed,PinState,GPIO_PuPd,GPIO_Label,GPIO_ModeDefaultOutputPP
PD11.GPIO_Label=LED6
PD11.GPIO_ModeDefaultOutputPP=GPIO_MODE_OUTPUT_PP
PD11.GPIO_PuPd=GPIO_NOPULL
PD11.GPIO_Speed=GPIO_SPEED_FREQ_VERY_HIGH
PD11.Locked=true
PD11.PinState=GPIO_PIN_SET
PD11.Signal=GPIO_Output
PD12.GPIOParameters=GPIO_Speed,PinState,GPIO_PuPd,GPIO_Label,GPIO_ModeDefaultOutputPP
PD12.GPIO_Label=LED7
PD12.GPIO_ModeDefaultOutputPP=GPIO_MODE_OUTPUT_PP
PD12.GPIO_PuPd=GPIO_NOPULL
PD12.GPIO_Speed=GPIO_SPEED_FREQ_VERY_HIGH
PD12.Locked=true
PD12.PinState=GPIO_PIN_SET
PD12.Signal=GPIO_Output
PD13.GPIOParameters=GPIO_Speed,PinState,GPIO_PuPd,GPIO_Label,GPIO_ModeDefaultOutputPP
PD13.GPIO_Label=LED8
PD13.GPIO_ModeDefaultOutputPP=GPIO_MODE_OUTPUT_PP
PD13.GPIO_PuPd=GPIO_NOPULL
PD13.GPIO_Speed=GPIO_SPEED_FREQ_VERY_HIGH
PD13.Locked=true
PD13.PinState=GPIO_PIN_SET
PD13.Signal=GPIO_Output
PD4.GPIOParameters=GPIO_Speed,PinState,GPIO_PuPd,GPIO_Label,GPIO_ModeDefaultOutputPP
PD4.GPIO_Label=LED2
PD4.GPIO_ModeDefaultOutputPP=GPIO_MODE_OUTPUT_PP
PD4.GPIO_PuPd=GPIO_NOPULL
PD4.GPIO_Speed=GPIO_SPEED_FREQ_VERY_HIGH
PD4.Locked=true
PD4.PinState=GPIO_PIN_SET
PD4.Signal=GPIO_Output
PD5.GPIOParameters=GPIO_Speed,PinState,GPIO_PuPd,GPIO_Label,GPIO_ModeDefaultOutputPP
PD5.GPIO_Label=LED3
PD5.GPIO_ModeDefaultOutputPP=GPIO_MODE_OUTPUT_PP
PD5.GPIO_PuPd=GPIO_NOPULL
PD5.GPIO_Speed=GPIO_SPEED_FREQ_VERY_HIGH
PD5.Locked=true
PD5.PinState=GPIO_PIN_SET
PD5.Signal=GPIO_Output
PD6.GPIOParameters=GPIO_Speed,PinState,GPIO_PuPd,GPIO_Label,GPIO_ModeDefaultOutputPP
PD6.GPIO_Label=LED4
PD6.GPIO_ModeDefaultOutputPP=GPIO_MODE_OUTPUT_PP
PD6.GPIO_PuPd=GPIO_NOPULL
PD6.GPIO_Speed=GPIO_SPEED_FREQ_VERY_HIGH
PD6.Locked=true
PD6.PinState=GPIO_PIN_SET
PD6.Signal=GPIO_Output
PD7.GPIOParameters=GPIO_Speed,PinState,GPIO_PuPd,GPIO_Label,GPIO_ModeDefaultOutputPP
PD7.GPIO_Label=LED5
PD7.GPIO_ModeDefaultOutputPP=GPIO_MODE_OUTPUT_PP
PD7.GPIO_PuPd=GPIO_NOPULL
PD7.GPIO_Speed=GPIO_SPEED_FREQ_VERY_HIGH
PD7.Locked=true
PD7.PinState=GPIO_PIN_SET
PD7.Signal=GPIO_Output
PE2.Mode=Trace_Synchro_4bits_SW
PE2.Signal=SYS_TRACECLK
PE3.Mode=Trace_Synchro_4bits_SW
PE3.Signal=SYS_TRACED0
PE4.Mode=Trace_Synchro_4bits_SW
PE4.Signal=SYS_TRACED1
PE5.Mode=Trace_Synchro_4bits_SW
PE5.Signal=SYS_TRACED2
PE6.Mode=Trace_Synchro_4bits_SW
PE6.Signal=SYS_TRACED3
PF6.GPIOParameters=GPIO_Label
PF6.GPIO_Label=SPI_FLASH_NSS
PF6.Mode=NSS_Signal_Hard_Output
PF6.Signal=SPI5_NSS
PF7.GPIOParameters=GPIO_Label
PF7.GPIO_Label=SPI_FLASH_CLK
PF7.Mode=Full_Duplex_Master
PF7.Signal=SPI5_SCK
PF8.GPIOParameters=GPIO_Label
PF8.GPIO_Label=SPI_FLASH_MISO
PF8.Mode=Full_Duplex_Master
PF8.Signal=SPI5_MISO
PF9.GPIOParameters=GPIO_Label
PF9.GPIO_Label=SPI_FLASH_MOSI
PF9.Mode=Full_Duplex_Master
PF9.Signal=SPI5_MOSI
PG9.GPIOParameters=GPIO_Label,GPIO_ModeDefaultEXTI
PG9.GPIO_Label=BUT3
PG9.GPIO_ModeDefaultEXTI=GPIO_MODE_IT_RISING_FALLING
PG9.Locked=true
PG9.Signal=GPXTI9
PH0/OSC_IN.Mode=HSE-External-Oscillator
PH0/OSC_IN.Signal=RCC_OSC_IN
PH1/OSC_OUT.Mode=HSE-External-Oscillator
PH1/OSC_OUT.Signal=RCC_OSC_OUT
PH10.Signal=S_TIM5_CH1
PH6.GPIOParameters=GPIO_Label
PH6.GPIO_Label=CAP_BUT1
PH6.Locked=true
PH6.Signal=GPXTI6
PH7.GPIOParameters=GPIO_Label
PH7.GPIO_Label=CAP_BUT2
PH7.Locked=true
PH7.Signal=GPXTI7
PI10.GPIOParameters=GPIO_Label
PI10.GPIO_Label=SW2_ON
PI10.Locked=true
PI10.Signal=GPIO_Input
PI11.GPIOParameters=GPIO_Label
PI11.GPIO_Label=SW1_CLOSE
PI11.Locked=true
PI11.Signal=GPIO_Input
PI8.GPIOParameters=GPIO_Label
PI8.GPIO_Label=SW2_OFF
PI8.Locked=true
PI8.Signal=GPIO_Input
PI9.GPIOParameters=GPIO_Label
PI9.GPIO_Label=SW2_AUTO
PI9.Locked=true
PI9.Signal=GPIO_Input
PinOutPanel.RotationAngle=0
ProjectManager.AskForMigrate=true
ProjectManager.BackupPrevious=false
ProjectManager.CompilerOptimize=2
ProjectManager.ComputerToolchain=false
ProjectManager.CoupleFile=true
ProjectManager.CustomerFirmwarePackage=
ProjectManager.DefaultFWLocation=true
ProjectManager.DeletePrevious=true
ProjectManager.DeviceId=STM32F429IITx
ProjectManager.FirmwarePackage=STM32Cube FW_F4 V1.28.1
ProjectManager.FreePins=true
ProjectManager.HalAssertFull=true
ProjectManager.HeapSize=0x2000
ProjectManager.KeepUserCode=true
ProjectManager.LastFirmware=true
ProjectManager.LibraryCopy=1
ProjectManager.MainLocation=Src
ProjectManager.NoMain=false
ProjectManager.PreviousToolchain=
ProjectManager.ProjectBuild=false
ProjectManager.ProjectFileName=light-effects.ioc
ProjectManager.ProjectName=light-effects
ProjectManager.ProjectStructure=
ProjectManager.RegisterCallBack=
ProjectManager.StackSize=0x2000
ProjectManager.TargetToolchain=EWARM V8.50
ProjectManager.ToolChainLocation=
ProjectManager.UAScriptAfterPath=
ProjectManager.UAScriptBeforePath=
ProjectManager.UnderRoot=false
ProjectManager.functionlistsort=1-SystemClock_Config-RCC-false-HAL-false,2-MX_GPIO_Init-GPIO-false-HAL-true,3-MX_DMA_Init-DMA-false-HAL-true,4-MX_ADC1_Init-ADC1-false-HAL-true,5-MX_DAC_Init-DAC-false-HAL-true,6-MX_TIM2_Init-TIM2-false-HAL-true,7-MX_TIM5_Init-TIM5-false-HAL-true,8-MX_CRC_Init-CRC-false-HAL-true,9-MX_SPI5_Init-SPI5-false-HAL-true
RCC.48MHZClocksFreq_Value=48000000
RCC.AHBFreq_Value=168000000
RCC.APB1CLKDivider=RCC_HCLK_DIV4
RCC.APB1Freq_Value=42000000
RCC.APB1TimFreq_Value=84000000
RCC.APB2CLKDivider=RCC_HCLK_DIV2
RCC.APB2Freq_Value=84000000
RCC.APB2TimFreq_Value=168000000
RCC.CortexFreq_Value=168000000
RCC.EthernetFreq_Value=168000000
RCC.FCLKCortexFreq_Value=168000000
RCC.FamilyName=M
RCC.HCLKFreq_Value=168000000
RCC.HSE_VALUE=8000000
RCC.HSI_VALUE=16000000
RCC.I2SClocksFreq_Value=192000000
RCC.IPParameters=48MHZClocksFreq_Value,AHBFreq_Value,APB1CLKDivider,APB1Freq_Value,APB1TimFreq_Value,APB2CLKDivider,APB2Freq_Value,APB2TimFreq_Value,CortexFreq_Value,EthernetFreq_Value,FCLKCortexFreq_Value,FamilyName,HCLKFreq_Value,HSE_VALUE,HSI_VALUE,I2SClocksFreq_Value,LCDTFTFreq_Value,LSI_VALUE,MCO2PinFreq_Value,PLLCLKFreq_Value,PLLM,PLLN,PLLQ,PLLQCLKFreq_Value,PLLSourceVirtual,RTCFreq_Value,RTCHSEDivFreq_Value,SAI_AClocksFreq_Value,SAI_BClocksFreq_Value,SYSCLKFreq_VALUE,SYSCLKSource,VCOI2SOutputFreq_Value,VCOInputFreq_Value,VCOOutputFreq_Value,VCOSAIOutputFreq_Value,VCOSAIOutputFreq_ValueQ,VCOSAIOutputFreq_ValueR,VcooutputI2S,VcooutputI2SQ
RCC.LCDTFTFreq_Value=24500000
RCC.LSI_VALUE=32000
RCC.MCO2PinFreq_Value=168000000
RCC.PLLCLKFreq_Value=168000000
RCC.PLLM=4
RCC.PLLN=168
RCC.PLLQ=7
RCC.PLLQCLKFreq_Value=48000000
RCC.PLLSourceVirtual=RCC_PLLSOURCE_HSE
RCC.RTCFreq_Value=32000
RCC.RTCHSEDivFreq_Value=4000000
RCC.SAI_AClocksFreq_Value=24500000
RCC.SAI_BClocksFreq_Value=24500000
RCC.SYSCLKFreq_VALUE=168000000
RCC.SYSCLKSource=RCC_SYSCLKSOURCE_PLLCLK
RCC.VCOI2SOutputFreq_Value=384000000
RCC.VCOInputFreq_Value=2000000
RCC.VCOOutputFreq_Value=336000000
RCC.VCOSAIOutputFreq_Value=98000000
RCC.VCOSAIOutputFreq_ValueQ=24500000
RCC.VCOSAIOutputFreq_ValueR=49000000
RCC.VcooutputI2S=192000000
RCC.VcooutputI2SQ=192000000
SH.ADCx_IN6.0=ADC1_IN6,IN6
SH.ADCx_IN6.ConfNb=1
SH.COMP_DAC2_group.0=DAC_OUT2,DAC_OUT2
SH.COMP_DAC2_group.ConfNb=1
SH.GPXTI0.0=GPIO_EXTI0
SH.GPXTI0.ConfNb=1
SH.GPXTI13.0=GPIO_EXTI13
SH.GPXTI13.ConfNb=1
SH.GPXTI6.0=GPIO_EXTI6
SH.GPXTI6.ConfNb=1
SH.GPXTI7.0=GPIO_EXTI7
SH.GPXTI7.ConfNb=1
SH.GPXTI9.0=GPIO_EXTI9
SH.GPXTI9.1=DAC_EXTI9
SH.GPXTI9.ConfNb=2
SH.S_TIM5_CH1.0=TIM5_CH1,Output Compare1 CH1
SH.S_TIM5_CH1.ConfNb=1
SPI5.CRCCalculation=SPI_CRCCALCULATION_ENABLE
SPI5.CalculateBaudRate=42.0 MBits/s
SPI5.Direction=SPI_DIRECTION_2LINES
SPI5.IPParameters=VirtualType,Mode,Direction,CalculateBaudRate,CRCCalculation,VirtualNSS
SPI5.Mode=SPI_MODE_MASTER
SPI5.VirtualNSS=VM_NSSHARD
SPI5.VirtualType=VM_MASTER
STMicroelectronics.X-CUBE-AZRTOS-F4.1.0.0.IPParameters=TX_ENABLE_IAR_LIBRARY_SUPPORT,TX_APP_MEM_POOL_SIZE
STMicroelectronics.X-CUBE-AZRTOS-F4.1.0.0.RTOSJjThreadX_Checked=false
STMicroelectronics.X-CUBE-AZRTOS-F4.1.0.0.TX_APP_MEM_POOL_SIZE=8192
STMicroelectronics.X-CUBE-AZRTOS-F4.1.0.0.TX_ENABLE_IAR_LIBRARY_SUPPORT=1
STMicroelectronics.X-CUBE-AZRTOS-F4.1.0.0_IsAnAzureRtosMw=true
STMicroelectronics.X-CUBE-AZRTOS-F4.1.0.0_SwParameter=ThreadXCcRTOSJjThreadXJjCore\:true;
TIM2.Channel-Output\ Compare1\ No\ Output=TIM_CHANNEL_1
TIM2.IPParameters=Channel-Output Compare1 No Output,Prescaler,Period,TIM_MasterSlaveMode,TIM_MasterOutputTrigger
TIM2.Period=4999
TIM2.Prescaler=83
TIM2.TIM_MasterOutputTrigger=TIM_TRGO_UPDATE
TIM2.TIM_MasterSlaveMode=TIM_MASTERSLAVEMODE_DISABLE
TIM5.Channel-Output\ Compare1\ CH1=TIM_CHANNEL_1
TIM5.IPParameters=Prescaler,Period,TIM_MasterOutputTrigger,OCMode_1,Channel-Output Compare1 CH1,Pulse-Output Compare1 CH1
TIM5.OCMode_1=TIM_OCMODE_ACTIVE
TIM5.Period=24
TIM5.Prescaler=13
TIM5.Pulse-Output\ Compare1\ CH1=10
TIM5.TIM_MasterOutputTrigger=TIM_TRGO_OC1
VP_CRC_VS_CRC.Mode=CRC_Activate
VP_CRC_VS_CRC.Signal=CRC_VS_CRC
VP_SYS_VS_tim3.Mode=TIM3
VP_SYS_VS_tim3.Signal=SYS_VS_tim3
VP_TIM2_VS_ClockSourceINT.Mode=Internal
VP_TIM2_VS_ClockSourceINT.Signal=TIM2_VS_ClockSourceINT
VP_TIM2_VS_no_output1.Mode=Output Compare1 No Output
VP_TIM2_VS_no_output1.Signal=TIM2_VS_no_output1
VP_TIM5_VS_ClockSourceINT.Mode=Internal
VP_TIM5_VS_ClockSourceINT.Signal=TIM5_VS_ClockSourceINT
board=IAR-429AcadRTOS
